
Microsoft Visual Studio Solution File, Format Version 12.00
# Visual Studio 2013
Project("{FAE04EC0-301F-11D3-BF4B-00C04F79EFBC}") = "UnityVS.I_Hate_Fly.CSharp", "UnityVS.I_Hate_Fly.CSharp.csproj", "{A5F7570A-D1A2-F8FC-C409-2C49F2CA300C}"
EndProject
Global
	GlobalSection(SolutionConfigurationPlatforms) = preSolution
		Debug|Any CPU = Debug|Any CPU
		Release|Any CPU = Release|Any CPU
	EndGlobalSection
	GlobalSection(ProjectConfigurationPlatforms) = postSolution
		{A5F7570A-D1A2-F8FC-C409-2C49F2CA300C}.Debug|Any CPU.ActiveCfg = Debug|Any CPU
		{A5F7570A-D1A2-F8FC-C409-2C49F2CA300C}.Debug|Any CPU.Build.0 = Debug|Any CPU
		{A5F7570A-D1A2-F8FC-C409-2C49F2CA300C}.Release|Any CPU.ActiveCfg = Release|Any CPU
		{A5F7570A-D1A2-F8FC-C409-2C49F2CA300C}.Release|Any CPU.Build.0 = Release|Any CPU
	EndGlobalSection
	GlobalSection(SolutionProperties) = preSolution
		HideSolutionNode = FALSE
	EndGlobalSection
EndGlobal
